
Microsoft Visual Studio Solution File, Format Version 12.00
# Visual Studio Version 16
VisualStudioVersion = 16.0.29409.12
MinimumVisualStudioVersion = 10.0.40219.1
Project("{FAE04EC0-301F-11D3-BF4B-00C04F79EFBC}") = "VFSRoseOnline", "VFSRoseOnline\VFSRoseOnline.csproj", "{3C14EBC2-3CDF-49F4-B6BA-01709818C989}"
EndProject
Project("{9A19103F-16F7-4668-BE54-9A1E7A4F7556}") = "RoseOnline.Streaming.VFS", "RoseOnline.Streaming.VFS\RoseOnline.Streaming.VFS.csproj", "{93D1F5BB-D887-48CF-A1C6-3C50221EB86F}"
EndProject
Project("{FAE04EC0-301F-11D3-BF4B-00C04F79EFBC}") = "VFSUnitTest", "VFSUnitTest\VFSUnitTest.csproj", "{0932063B-5980-4585-9BB2-D8DDE6E68408}"
EndProject
Global
	GlobalSection(SolutionConfigurationPlatforms) = preSolution
		Debug|Any CPU = Debug|Any CPU
		Release|Any CPU = Release|Any CPU
	EndGlobalSection
	GlobalSection(ProjectConfigurationPlatforms) = postSolution
		{3C14EBC2-3CDF-49F4-B6BA-01709818C989}.Debug|Any CPU.ActiveCfg = Debug|Any CPU
		{3C14EBC2-3CDF-49F4-B6BA-01709818C989}.Debug|Any CPU.Build.0 = Debug|Any CPU
		{3C14EBC2-3CDF-49F4-B6BA-01709818C989}.Release|Any CPU.ActiveCfg = Release|Any CPU
		{3C14EBC2-3CDF-49F4-B6BA-01709818C989}.Release|Any CPU.Build.0 = Release|Any CPU
		{93D1F5BB-D887-48CF-A1C6-3C50221EB86F}.Debug|Any CPU.ActiveCfg = Debug|Any CPU
		{93D1F5BB-D887-48CF-A1C6-3C50221EB86F}.Debug|Any CPU.Build.0 = Debug|Any CPU
		{93D1F5BB-D887-48CF-A1C6-3C50221EB86F}.Release|Any CPU.ActiveCfg = Release|Any CPU
		{93D1F5BB-D887-48CF-A1C6-3C50221EB86F}.Release|Any CPU.Build.0 = Release|Any CPU
		{0932063B-5980-4585-9BB2-D8DDE6E68408}.Debug|Any CPU.ActiveCfg = Debug|Any CPU
		{0932063B-5980-4585-9BB2-D8DDE6E68408}.Debug|Any CPU.Build.0 = Debug|Any CPU
		{0932063B-5980-4585-9BB2-D8DDE6E68408}.Release|Any CPU.ActiveCfg = Release|Any CPU
		{0932063B-5980-4585-9BB2-D8DDE6E68408}.Release|Any CPU.Build.0 = Release|Any CPU
	EndGlobalSection
	GlobalSection(SolutionProperties) = preSolution
		HideSolutionNode = FALSE
	EndGlobalSection
	GlobalSection(ExtensibilityGlobals) = postSolution
		SolutionGuid = {E15F6FF0-6F31-48FB-8394-CE04109256E4}
	EndGlobalSection
EndGlobal
